// !$*UTF8*$!
{
	archiveVersion = 1;
	classes = {
	};
	objectVersion = 48;
	objects = {

/* Begin PBXBuildFile section */
		1608E0F62056D2990077D539 /* AppDelegate.swift in Sources */ = {isa = PBXBuildFile; fileRef = 1608E0F52056D2990077D539 /* AppDelegate.swift */; };
		1608E0FB2056D2990077D539 /* Main.storyboard in Resources */ = {isa = PBXBuildFile; fileRef = 1608E0F92056D2990077D539 /* Main.storyboard */; };
		1608E0FD2056D2990077D539 /* Assets.xcassets in Resources */ = {isa = PBXBuildFile; fileRef = 1608E0FC2056D2990077D539 /* Assets.xcassets */; };
		1608E1002056D2990077D539 /* LaunchScreen.storyboard in Resources */ = {isa = PBXBuildFile; fileRef = 1608E0FE2056D2990077D539 /* LaunchScreen.storyboard */; };
		1608E10A2056D4130077D539 /* CloudKit.framework in Frameworks */ = {isa = PBXBuildFile; fileRef = 1608E1092056D4130077D539 /* CloudKit.framework */; };
/* End PBXBuildFile section */

/* Begin PBXFileReference section */
		1608E0F22056D2990077D539 /* InBest.app */ = {isa = PBXFileReference; explicitFileType = wrapper.application; includeInIndex = 0; path = InBest.app; sourceTree = BUILT_PRODUCTS_DIR; };
		1608E0F52056D2990077D539 /* AppDelegate.swift */ = {isa = PBXFileReference; lastKnownFileType = sourcecode.swift; path = AppDelegate.swift; sourceTree = "<group>"; };
		1608E0FA2056D2990077D539 /* Base */ = {isa = PBXFileReference; lastKnownFileType = file.storyboard; name = Base; path = Base.lproj/Main.storyboard; sourceTree = "<group>"; };
		1608E0FC2056D2990077D539 /* Assets.xcassets */ = {isa = PBXFileReference; lastKnownFileType = folder.assetcatalog; path = Assets.xcassets; sourceTree = "<group>"; };
		1608E0FF2056D2990077D539 /* Base */ = {isa = PBXFileReference; lastKnownFileType = file.storyboard; name = Base; path = Base.lproj/LaunchScreen.storyboard; sourceTree = "<group>"; };
		1608E1012056D29A0077D539 /* Info.plist */ = {isa = PBXFileReference; lastKnownFileType = text.plist.xml; path = Info.plist; sourceTree = "<group>"; };
		1608E1072056D40C0077D539 /* InBest.entitlements */ = {isa = PBXFileReference; lastKnownFileType = text.plist.entitlements; path = InBest.entitlements; sourceTree = "<group>"; };
		1608E1092056D4130077D539 /* CloudKit.framework */ = {isa = PBXFileReference; lastKnownFileType = wrapper.framework; name = CloudKit.framework; path = System/Library/Frameworks/CloudKit.framework; sourceTree = SDKROOT; };
/* End PBXFileReference section */

/* Begin PBXFrameworksBuildPhase section */
		1608E0EF2056D2990077D539 /* Frameworks */ = {
			isa = PBXFrameworksBuildPhase;
			buildActionMask = 2147483647;
			files = (
				1608E10A2056D4130077D539 /* CloudKit.framework in Frameworks */,
			);
			runOnlyForDeploymentPostprocessing = 0;
		};
/* End PBXFrameworksBuildPhase section */

/* Begin PBXGroup section */
		1608E0E92056D2990077D539 = {
			isa = PBXGroup;
			children = (
				1608E0F42056D2990077D539 /* InBest */,
				1608E0F32056D2990077D539 /* Products */,
				1608E1082056D4130077D539 /* Frameworks */,
			);
			sourceTree = "<group>";
		};
		1608E0F32056D2990077D539 /* Products */ = {
			isa = PBXGroup;
			children = (
				1608E0F22056D2990077D539 /* InBest.app */,
			);
			name = Products;
			sourceTree = "<group>";
		};
		1608E0F42056D2990077D539 /* InBest */ = {
			isa = PBXGroup;
			children = (
				1608E1072056D40C0077D539 /* InBest.entitlements */,
				1608E10F2056D4750077D539 /* Model */,
				1608E10E2056D4610077D539 /* Model Controllers */,
				1608E10D2056D4580077D539 /* View Controllers */,
				1608E10B2056D4400077D539 /* Views */,
				1608E10C2056D44C0077D539 /* Resources */,
			);
			path = InBest;
			sourceTree = "<group>";
		};
		1608E1082056D4130077D539 /* Frameworks */ = {
			isa = PBXGroup;
			children = (
				1608E1092056D4130077D539 /* CloudKit.framework */,
			);
			name = Frameworks;
			sourceTree = "<group>";
		};
		1608E10B2056D4400077D539 /* Views */ = {
			isa = PBXGroup;
			children = (
				1608E0F92056D2990077D539 /* Main.storyboard */,
				1608E0FE2056D2990077D539 /* LaunchScreen.storyboard */,
			);
			path = Views;
			sourceTree = "<group>";
		};
		1608E10C2056D44C0077D539 /* Resources */ = {
			isa = PBXGroup;
			children = (
				1608E0F52056D2990077D539 /* AppDelegate.swift */,
				1608E0FC2056D2990077D539 /* Assets.xcassets */,
				1608E1012056D29A0077D539 /* Info.plist */,
			);
			path = Resources;
			sourceTree = "<group>";
		};
		1608E10D2056D4580077D539 /* View Controllers */ = {
			isa = PBXGroup;
			children = (
			);
			path = "View Controllers";
			sourceTree = "<group>";
		};
		1608E10E2056D4610077D539 /* Model Controllers */ = {
			isa = PBXGroup;
			children = (
			);
			path = "Model Controllers";
			sourceTree = "<group>";
		};
		1608E10F2056D4750077D539 /* Model */ = {
			isa = PBXGroup;
			children = (
			);
			path = Model;
			sourceTree = "<group>";
		};
/* End PBXGroup section */

/* Begin PBXNativeTarget section */
		1608E0F12056D2990077D539 /* InBest */ = {
			isa = PBXNativeTarget;
			buildConfigurationList = 1608E1042056D29A0077D539 /* Build configuration list for PBXNativeTarget "InBest" */;
			buildPhases = (
				1608E0EE2056D2990077D539 /* Sources */,
				1608E0EF2056D2990077D539 /* Frameworks */,
				1608E0F02056D2990077D539 /* Resources */,
			);
			buildRules = (
			);
			dependencies = (
			);
			name = InBest;
			productName = InBest;
			productReference = 1608E0F22056D2990077D539 /* InBest.app */;
			productType = "com.apple.product-type.application";
		};
/* End PBXNativeTarget section */

/* Begin PBXProject section */
		1608E0EA2056D2990077D539 /* Project object */ = {
			isa = PBXProject;
			attributes = {
				LastSwiftUpdateCheck = 0920;
				LastUpgradeCheck = 0920;
				ORGANIZATIONNAME = "Taylor Bills";
				TargetAttributes = {
					1608E0F12056D2990077D539 = {
						CreatedOnToolsVersion = 9.2;
						ProvisioningStyle = Automatic;
						SystemCapabilities = {
							com.apple.Push = {
								enabled = 1;
							};
							com.apple.iCloud = {
								enabled = 1;
							};
						};
					};
				};
			};
			buildConfigurationList = 1608E0ED2056D2990077D539 /* Build configuration list for PBXProject "InBest" */;
			compatibilityVersion = "Xcode 8.0";
			developmentRegion = en;
			hasScannedForEncodings = 0;
			knownRegions = (
				en,
				Base,
			);
			mainGroup = 1608E0E92056D2990077D539;
			productRefGroup = 1608E0F32056D2990077D539 /* Products */;
			projectDirPath = "";
			projectRoot = "";
			targets = (
				1608E0F12056D2990077D539 /* InBest */,
			);
		};
/* End PBXProject section */

/* Begin PBXResourcesBuildPhase section */
		1608E0F02056D2990077D539 /* Resources */ = {
			isa = PBXResourcesBuildPhase;
			buildActionMask = 2147483647;
			files = (
				1608E1002056D2990077D539 /* LaunchScreen.storyboard in Resources */,
				1608E0FD2056D2990077D539 /* Assets.xcassets in Resources */,
				1608E0FB2056D2990077D539 /* Main.storyboard in Resources */,
			);
			runOnlyForDeploymentPostprocessing = 0;
		};
/* End PBXResourcesBuildPhase section */

/* Begin PBXSourcesBuildPhase section */
		1608E0EE2056D2990077D539 /* Sources */ = {
			isa = PBXSourcesBuildPhase;
			buildActionMask = 2147483647;
			files = (
				1608E0F62056D2990077D539 /* AppDelegate.swift in Sources */,
			);
			runOnlyForDeploymentPostprocessing = 0;
		};
/* End PBXSourcesBuildPhase section */

/* Begin PBXVariantGroup section */
		1608E0F92056D2990077D539 /* Main.storyboard */ = {
			isa = PBXVariantGroup;
			children = (
				1608E0FA2056D2990077D539 /* Base */,
			);
			name = Main.storyboard;
			sourceTree = "<group>";
		};
		1608E0FE2056D2990077D539 /* LaunchScreen.storyboard */ = {
			isa = PBXVariantGroup;
			children = (
				1608E0FF2056D2990077D539 /* Base */,
			);
			name = LaunchScreen.storyboard;
			sourceTree = "<group>";
		};
/* End PBXVariantGroup section */

/* Begin XCBuildConfiguration section */
		1608E1022056D29A0077D539 /* Debug */ = {
			isa = XCBuildConfiguration;
			buildSettings = {
				ALWAYS_SEARCH_USER_PATHS = NO;
				CLANG_ANALYZER_NONNULL = YES;
				CLANG_ANALYZER_NUMBER_OBJECT_CONVERSION = YES_AGGRESSIVE;
				CLANG_CXX_LANGUAGE_STANDARD = "gnu++14";
				CLANG_CXX_LIBRARY = "libc++";
				CLANG_ENABLE_MODULES = YES;
				CLANG_ENABLE_OBJC_ARC = YES;
				CLANG_WARN_BLOCK_CAPTURE_AUTORELEASING = YES;
				CLANG_WARN_BOOL_CONVERSION = YES;
				CLANG_WARN_COMMA = YES;
				CLANG_WARN_CONSTANT_CONVERSION = YES;
				CLANG_WARN_DIRECT_OBJC_ISA_USAGE = YES_ERROR;
				CLANG_WARN_DOCUMENTATION_COMMENTS = YES;
				CLANG_WARN_EMPTY_BODY = YES;
				CLANG_WARN_ENUM_CONVERSION = YES;
				CLANG_WARN_INFINITE_RECURSION = YES;
				CLANG_WARN_INT_CONVERSION = YES;
				CLANG_WARN_NON_LITERAL_NULL_CONVERSION = YES;
				CLANG_WARN_OBJC_LITERAL_CONVERSION = YES;
				CLANG_WARN_OBJC_ROOT_CLASS = YES_ERROR;
				CLANG_WARN_RANGE_LOOP_ANALYSIS = YES;
				CLANG_WARN_STRICT_PROTOTYPES = YES;
				CLANG_WARN_SUSPICIOUS_MOVE = YES;
				CLANG_WARN_UNGUARDED_AVAILABILITY = YES_AGGRESSIVE;
				CLANG_WARN_UNREACHABLE_CODE = YES;
				CLANG_WARN__DUPLICATE_METHOD_MATCH = YES;
				CODE_SIGN_IDENTITY = "iPhone Developer";
				COPY_PHASE_STRIP = NO;
				DEBUG_INFORMATION_FORMAT = dwarf;
				ENABLE_STRICT_OBJC_MSGSEND = YES;
				ENABLE_TESTABILITY = YES;
				GCC_C_LANGUAGE_STANDARD = gnu11;
				GCC_DYNAMIC_NO_PIC = NO;
				GCC_NO_COMMON_BLOCKS = YES;
				GCC_OPTIMIZATION_LEVEL = 0;
				GCC_PREPROCESSOR_DEFINITIONS = (
					"DEBUG=1",
					"$(inherited)",
				);
				GCC_WARN_64_TO_32_BIT_CONVERSION = YES;
				GCC_WARN_ABOUT_RETURN_TYPE = YES_ERROR;
				GCC_WARN_UNDECLARED_SELECTOR = YES;
				GCC_WARN_UNINITIALIZED_AUTOS = YES_AGGRESSIVE;
				GCC_WARN_UNUSED_FUNCTION = YES;
				GCC_WARN_UNUSED_VARIABLE = YES;
				IPHONEOS_DEPLOYMENT_TARGET = 11.2;
				MTL_ENABLE_DEBUG_INFO = YES;
				ONLY_ACTIVE_ARCH = YES;
				SDKROOT = iphoneos;
				SWIFT_ACTIVE_COMPILATION_CONDITIONS = DEBUG;
				SWIFT_OPTIMIZATION_LEVEL = "-Onone";
			};
			name = Debug;
		};
		1608E1032056D29A0077D539 /* Release */ = {
			isa = XCBuildConfiguration;
			buildSettings = {
				ALWAYS_SEARCH_USER_PATHS = NO;
				CLANG_ANALYZER_NONNULL = YES;
				CLANG_ANALYZER_NUMBER_OBJECT_CONVERSION = YES_AGGRESSIVE;
				CLANG_CXX_LANGUAGE_STANDARD = "gnu++14";
				CLANG_CXX_LIBRARY = "libc++";
				CLANG_ENABLE_MODULES = YES;
				CLANG_ENABLE_OBJC_ARC = YES;
				CLANG_WARN_BLOCK_CAPTURE_AUTORELEASING = YES;
				CLANG_WARN_BOOL_CONVERSION = YES;
				CLANG_WARN_COMMA = YES;
				CLANG_WARN_CONSTANT_CONVERSION = YES;
				CLANG_WARN_DIRECT_OBJC_ISA_USAGE = YES_ERROR;
				CLANG_WARN_DOCUMENTATION_COMMENTS = YES;
				CLANG_WARN_EMPTY_BODY = YES;
				CLANG_WARN_ENUM_CONVERSION = YES;
				CLANG_WARN_INFINITE_RECURSION = YES;
				CLANG_WARN_INT_CONVERSION = YES;
				CLANG_WARN_NON_LITERAL_NULL_CONVERSION = YES;
				CLANG_WARN_OBJC_LITERAL_CONVERSION = YES;
				CLANG_WARN_OBJC_ROOT_CLASS = YES_ERROR;
				CLANG_WARN_RANGE_LOOP_ANALYSIS = YES;
				CLANG_WARN_STRICT_PROTOTYPES = YES;
				CLANG_WARN_SUSPICIOUS_MOVE = YES;
				CLANG_WARN_UNGUARDED_AVAILABILITY = YES_AGGRESSIVE;
				CLANG_WARN_UNREACHABLE_CODE = YES;
				CLANG_WARN__DUPLICATE_METHOD_MATCH = YES;
				CODE_SIGN_IDENTITY = "iPhone Developer";
				COPY_PHASE_STRIP = NO;
				DEBUG_INFORMATION_FORMAT = "dwarf-with-dsym";
				ENABLE_NS_ASSERTIONS = NO;
				ENABLE_STRICT_OBJC_MSGSEND = YES;
				GCC_C_LANGUAGE_STANDARD = gnu11;
				GCC_NO_COMMON_BLOCKS = YES;
				GCC_WARN_64_TO_32_BIT_CONVERSION = YES;
				GCC_WARN_ABOUT_RETURN_TYPE = YES_ERROR;
				GCC_WARN_UNDECLARED_SELECTOR = YES;
				GCC_WARN_UNINITIALIZED_AUTOS = YES_AGGRESSIVE;
				GCC_WARN_UNUSED_FUNCTION = YES;
				GCC_WARN_UNUSED_VARIABLE = YES;
				IPHONEOS_DEPLOYMENT_TARGET = 11.2;
				MTL_ENABLE_DEBUG_INFO = NO;
				SDKROOT = iphoneos;
				SWIFT_OPTIMIZATION_LEVEL = "-Owholemodule";
				VALIDATE_PRODUCT = YES;
			};
			name = Release;
		};
		1608E1052056D29A0077D539 /* Debug */ = {
			isa = XCBuildConfiguration;
			buildSettings = {
				ASSETCATALOG_COMPILER_APPICON_NAME = AppIcon;
				CODE_SIGN_ENTITLEMENTS = InBest/InBest.entitlements;
				CODE_SIGN_STYLE = Automatic;
				DEVELOPMENT_TEAM = NZ5N56B84J;
				INFOPLIST_FILE = "$(SRCROOT)/InBest/Resources/Info.plist";
				LD_RUNPATH_SEARCH_PATHS = "$(inherited) @executable_path/Frameworks";
				PRODUCT_BUNDLE_IDENTIFIER = com.TAYLORBILLS.InBest;
				PRODUCT_NAME = "$(TARGET_NAME)";
				SWIFT_VERSION = 4.0;
				TARGETED_DEVICE_FAMILY = "1,2";
			};
			name = Debug;
		};
		1608E1062056D29A0077D539 /* Release */ = {
			isa = XCBuildConfiguration;
			buildSettings = {
				ASSETCATALOG_COMPILER_APPICON_NAME = AppIcon;
				CODE_SIGN_ENTITLEMENTS = InBest/InBest.entitlements;
				CODE_SIGN_STYLE = Automatic;
				DEVELOPMENT_TEAM = NZ5N56B84J;
				INFOPLIST_FILE = "$(SRCROOT)/InBest/Resources/Info.plist";
				LD_RUNPATH_SEARCH_PATHS = "$(inherited) @executable_path/Frameworks";
				PRODUCT_BUNDLE_IDENTIFIER = com.TAYLORBILLS.InBest;
				PRODUCT_NAME = "$(TARGET_NAME)";
				SWIFT_VERSION = 4.0;
				TARGETED_DEVICE_FAMILY = "1,2";
			};
			name = Release;
		};
/* End XCBuildConfiguration section */

/* Begin XCConfigurationList section */
		1608E0ED2056D2990077D539 /* Build configuration list for PBXProject "InBest" */ = {
			isa = XCConfigurationList;
			buildConfigurations = (
				1608E1022056D29A0077D539 /* Debug */,
				1608E1032056D29A0077D539 /* Release */,
			);
			defaultConfigurationIsVisible = 0;
			defaultConfigurationName = Release;
		};
		1608E1042056D29A0077D539 /* Build configuration list for PBXNativeTarget "InBest" */ = {
			isa = XCConfigurationList;
			buildConfigurations = (
				1608E1052056D29A0077D539 /* Debug */,
				1608E1062056D29A0077D539 /* Release */,
			);
			defaultConfigurationIsVisible = 0;
			defaultConfigurationName = Release;
		};
/* End XCConfigurationList section */
	};
	rootObject = 1608E0EA2056D2990077D539 /* Project object */;
}
