// !$*UTF8*$!
{
	archiveVersion = 1;
	classes = {
	};
	objectVersion = 50;
	objects = {

/* Begin PBXBuildFile section */
		16F70A85220F90110070FB24 /* AppDelegate.swift in Sources */ = {isa = PBXBuildFile; fileRef = 16F70A84220F90110070FB24 /* AppDelegate.swift */; };
		16F70A8A220F90110070FB24 /* Main.storyboard in Resources */ = {isa = PBXBuildFile; fileRef = 16F70A88220F90110070FB24 /* Main.storyboard */; };
		16F70A8C220F90120070FB24 /* Assets.xcassets in Resources */ = {isa = PBXBuildFile; fileRef = 16F70A8B220F90120070FB24 /* Assets.xcassets */; };
		16F70A8F220F90120070FB24 /* LaunchScreen.storyboard in Resources */ = {isa = PBXBuildFile; fileRef = 16F70A8D220F90120070FB24 /* LaunchScreen.storyboard */; };
		16F70A9C220F936F0070FB24 /* Entry.swift in Sources */ = {isa = PBXBuildFile; fileRef = 16F70A9B220F936F0070FB24 /* Entry.swift */; };
		16F70A9E220F94790070FB24 /* EntryController.swift in Sources */ = {isa = PBXBuildFile; fileRef = 16F70A9D220F94790070FB24 /* EntryController.swift */; };
/* End PBXBuildFile section */

/* Begin PBXFileReference section */
		16F70A81220F90110070FB24 /* Journal_3_.app */ = {isa = PBXFileReference; explicitFileType = wrapper.application; includeInIndex = 0; path = Journal_3_.app; sourceTree = BUILT_PRODUCTS_DIR; };
		16F70A84220F90110070FB24 /* AppDelegate.swift */ = {isa = PBXFileReference; lastKnownFileType = sourcecode.swift; path = AppDelegate.swift; sourceTree = "<group>"; };
		16F70A89220F90110070FB24 /* Base */ = {isa = PBXFileReference; lastKnownFileType = file.storyboard; name = Base; path = Base.lproj/Main.storyboard; sourceTree = "<group>"; };
		16F70A8B220F90120070FB24 /* Assets.xcassets */ = {isa = PBXFileReference; lastKnownFileType = folder.assetcatalog; path = Assets.xcassets; sourceTree = "<group>"; };
		16F70A8E220F90120070FB24 /* Base */ = {isa = PBXFileReference; lastKnownFileType = file.storyboard; name = Base; path = Base.lproj/LaunchScreen.storyboard; sourceTree = "<group>"; };
		16F70A90220F90120070FB24 /* Info.plist */ = {isa = PBXFileReference; lastKnownFileType = text.plist.xml; path = Info.plist; sourceTree = "<group>"; };
		16F70A9B220F936F0070FB24 /* Entry.swift */ = {isa = PBXFileReference; lastKnownFileType = sourcecode.swift; path = Entry.swift; sourceTree = "<group>"; };
		16F70A9D220F94790070FB24 /* EntryController.swift */ = {isa = PBXFileReference; lastKnownFileType = sourcecode.swift; path = EntryController.swift; sourceTree = "<group>"; };
/* End PBXFileReference section */

/* Begin PBXFrameworksBuildPhase section */
		16F70A7E220F90110070FB24 /* Frameworks */ = {
			isa = PBXFrameworksBuildPhase;
			buildActionMask = 2147483647;
			files = (
			);
			runOnlyForDeploymentPostprocessing = 0;
		};
/* End PBXFrameworksBuildPhase section */

/* Begin PBXGroup section */
		16F70A78220F90110070FB24 = {
			isa = PBXGroup;
			children = (
				16F70A83220F90110070FB24 /* Journal_3_ */,
				16F70A82220F90110070FB24 /* Products */,
			);
			sourceTree = "<group>";
		};
		16F70A82220F90110070FB24 /* Products */ = {
			isa = PBXGroup;
			children = (
				16F70A81220F90110070FB24 /* Journal_3_.app */,
			);
			name = Products;
			sourceTree = "<group>";
		};
		16F70A83220F90110070FB24 /* Journal_3_ */ = {
			isa = PBXGroup;
			children = (
				16F70A9A220F92BC0070FB24 /* Models */,
				16F70A99220F92B20070FB24 /* Model Controllers */,
				16F70A98220F92AA0070FB24 /* ViewControllers */,
				16F70A97220F92880070FB24 /* Resources */,
				16F70A96220F927D0070FB24 /* Storyboards */,
			);
			path = Journal_3_;
			sourceTree = "<group>";
		};
		16F70A96220F927D0070FB24 /* Storyboards */ = {
			isa = PBXGroup;
			children = (
				16F70A88220F90110070FB24 /* Main.storyboard */,
				16F70A8D220F90120070FB24 /* LaunchScreen.storyboard */,
			);
			path = Storyboards;
			sourceTree = "<group>";
		};
		16F70A97220F92880070FB24 /* Resources */ = {
			isa = PBXGroup;
			children = (
				16F70A84220F90110070FB24 /* AppDelegate.swift */,
				16F70A8B220F90120070FB24 /* Assets.xcassets */,
				16F70A90220F90120070FB24 /* Info.plist */,
			);
			path = Resources;
			sourceTree = "<group>";
		};
		16F70A98220F92AA0070FB24 /* ViewControllers */ = {
			isa = PBXGroup;
			children = (
			);
			path = ViewControllers;
			sourceTree = "<group>";
		};
		16F70A99220F92B20070FB24 /* Model Controllers */ = {
			isa = PBXGroup;
			children = (
				16F70A9D220F94790070FB24 /* EntryController.swift */,
			);
			path = "Model Controllers";
			sourceTree = "<group>";
		};
		16F70A9A220F92BC0070FB24 /* Models */ = {
			isa = PBXGroup;
			children = (
				16F70A9B220F936F0070FB24 /* Entry.swift */,
			);
			path = Models;
			sourceTree = "<group>";
		};
/* End PBXGroup section */

/* Begin PBXNativeTarget section */
		16F70A80220F90110070FB24 /* Journal_3_ */ = {
			isa = PBXNativeTarget;
			buildConfigurationList = 16F70A93220F90120070FB24 /* Build configuration list for PBXNativeTarget "Journal_3_" */;
			buildPhases = (
				16F70A7D220F90110070FB24 /* Sources */,
				16F70A7E220F90110070FB24 /* Frameworks */,
				16F70A7F220F90110070FB24 /* Resources */,
			);
			buildRules = (
			);
			dependencies = (
			);
			name = Journal_3_;
			productName = Journal_3_;
			productReference = 16F70A81220F90110070FB24 /* Journal_3_.app */;
			productType = "com.apple.product-type.application";
		};
/* End PBXNativeTarget section */

/* Begin PBXProject section */
		16F70A79220F90110070FB24 /* Project object */ = {
			isa = PBXProject;
			attributes = {
				LastSwiftUpdateCheck = 1010;
				LastUpgradeCheck = 1010;
				ORGANIZATIONNAME = "Taylor Bills";
				TargetAttributes = {
					16F70A80220F90110070FB24 = {
						CreatedOnToolsVersion = 10.1;
					};
				};
			};
			buildConfigurationList = 16F70A7C220F90110070FB24 /* Build configuration list for PBXProject "Journal_3_" */;
			compatibilityVersion = "Xcode 9.3";
			developmentRegion = en;
			hasScannedForEncodings = 0;
			knownRegions = (
				en,
				Base,
			);
			mainGroup = 16F70A78220F90110070FB24;
			productRefGroup = 16F70A82220F90110070FB24 /* Products */;
			projectDirPath = "";
			projectRoot = "";
			targets = (
				16F70A80220F90110070FB24 /* Journal_3_ */,
			);
		};
/* End PBXProject section */

/* Begin PBXResourcesBuildPhase section */
		16F70A7F220F90110070FB24 /* Resources */ = {
			isa = PBXResourcesBuildPhase;
			buildActionMask = 2147483647;
			files = (
				16F70A8F220F90120070FB24 /* LaunchScreen.storyboard in Resources */,
				16F70A8C220F90120070FB24 /* Assets.xcassets in Resources */,
				16F70A8A220F90110070FB24 /* Main.storyboard in Resources */,
			);
			runOnlyForDeploymentPostprocessing = 0;
		};
/* End PBXResourcesBuildPhase section */

/* Begin PBXSourcesBuildPhase section */
		16F70A7D220F90110070FB24 /* Sources */ = {
			isa = PBXSourcesBuildPhase;
			buildActionMask = 2147483647;
			files = (
				16F70A9E220F94790070FB24 /* EntryController.swift in Sources */,
				16F70A9C220F936F0070FB24 /* Entry.swift in Sources */,
				16F70A85220F90110070FB24 /* AppDelegate.swift in Sources */,
			);
			runOnlyForDeploymentPostprocessing = 0;
		};
/* End PBXSourcesBuildPhase section */

/* Begin PBXVariantGroup section */
		16F70A88220F90110070FB24 /* Main.storyboard */ = {
			isa = PBXVariantGroup;
			children = (
				16F70A89220F90110070FB24 /* Base */,
			);
			name = Main.storyboard;
			sourceTree = "<group>";
		};
		16F70A8D220F90120070FB24 /* LaunchScreen.storyboard */ = {
			isa = PBXVariantGroup;
			children = (
				16F70A8E220F90120070FB24 /* Base */,
			);
			name = LaunchScreen.storyboard;
			sourceTree = "<group>";
		};
/* End PBXVariantGroup section */

/* Begin XCBuildConfiguration section */
		16F70A91220F90120070FB24 /* Debug */ = {
			isa = XCBuildConfiguration;
			buildSettings = {
				ALWAYS_SEARCH_USER_PATHS = NO;
				CLANG_ANALYZER_NONNULL = YES;
				CLANG_ANALYZER_NUMBER_OBJECT_CONVERSION = YES_AGGRESSIVE;
				CLANG_CXX_LANGUAGE_STANDARD = "gnu++14";
				CLANG_CXX_LIBRARY = "libc++";
				CLANG_ENABLE_MODULES = YES;
				CLANG_ENABLE_OBJC_ARC = YES;
				CLANG_ENABLE_OBJC_WEAK = YES;
				CLANG_WARN_BLOCK_CAPTURE_AUTORELEASING = YES;
				CLANG_WARN_BOOL_CONVERSION = YES;
				CLANG_WARN_COMMA = YES;
				CLANG_WARN_CONSTANT_CONVERSION = YES;
				CLANG_WARN_DEPRECATED_OBJC_IMPLEMENTATIONS = YES;
				CLANG_WARN_DIRECT_OBJC_ISA_USAGE = YES_ERROR;
				CLANG_WARN_DOCUMENTATION_COMMENTS = YES;
				CLANG_WARN_EMPTY_BODY = YES;
				CLANG_WARN_ENUM_CONVERSION = YES;
				CLANG_WARN_INFINITE_RECURSION = YES;
				CLANG_WARN_INT_CONVERSION = YES;
				CLANG_WARN_NON_LITERAL_NULL_CONVERSION = YES;
				CLANG_WARN_OBJC_IMPLICIT_RETAIN_SELF = YES;
				CLANG_WARN_OBJC_LITERAL_CONVERSION = YES;
				CLANG_WARN_OBJC_ROOT_CLASS = YES_ERROR;
				CLANG_WARN_RANGE_LOOP_ANALYSIS = YES;
				CLANG_WARN_STRICT_PROTOTYPES = YES;
				CLANG_WARN_SUSPICIOUS_MOVE = YES;
				CLANG_WARN_UNGUARDED_AVAILABILITY = YES_AGGRESSIVE;
				CLANG_WARN_UNREACHABLE_CODE = YES;
				CLANG_WARN__DUPLICATE_METHOD_MATCH = YES;
				CODE_SIGN_IDENTITY = "iPhone Developer";
				COPY_PHASE_STRIP = NO;
				DEBUG_INFORMATION_FORMAT = dwarf;
				ENABLE_STRICT_OBJC_MSGSEND = YES;
				ENABLE_TESTABILITY = YES;
				GCC_C_LANGUAGE_STANDARD = gnu11;
				GCC_DYNAMIC_NO_PIC = NO;
				GCC_NO_COMMON_BLOCKS = YES;
				GCC_OPTIMIZATION_LEVEL = 0;
				GCC_PREPROCESSOR_DEFINITIONS = (
					"DEBUG=1",
					"$(inherited)",
				);
				GCC_WARN_64_TO_32_BIT_CONVERSION = YES;
				GCC_WARN_ABOUT_RETURN_TYPE = YES_ERROR;
				GCC_WARN_UNDECLARED_SELECTOR = YES;
				GCC_WARN_UNINITIALIZED_AUTOS = YES_AGGRESSIVE;
				GCC_WARN_UNUSED_FUNCTION = YES;
				GCC_WARN_UNUSED_VARIABLE = YES;
				IPHONEOS_DEPLOYMENT_TARGET = 12.1;
				MTL_ENABLE_DEBUG_INFO = INCLUDE_SOURCE;
				MTL_FAST_MATH = YES;
				ONLY_ACTIVE_ARCH = YES;
				SDKROOT = iphoneos;
				SWIFT_ACTIVE_COMPILATION_CONDITIONS = DEBUG;
				SWIFT_OPTIMIZATION_LEVEL = "-Onone";
			};
			name = Debug;
		};
		16F70A92220F90120070FB24 /* Release */ = {
			isa = XCBuildConfiguration;
			buildSettings = {
				ALWAYS_SEARCH_USER_PATHS = NO;
				CLANG_ANALYZER_NONNULL = YES;
				CLANG_ANALYZER_NUMBER_OBJECT_CONVERSION = YES_AGGRESSIVE;
				CLANG_CXX_LANGUAGE_STANDARD = "gnu++14";
				CLANG_CXX_LIBRARY = "libc++";
				CLANG_ENABLE_MODULES = YES;
				CLANG_ENABLE_OBJC_ARC = YES;
				CLANG_ENABLE_OBJC_WEAK = YES;
				CLANG_WARN_BLOCK_CAPTURE_AUTORELEASING = YES;
				CLANG_WARN_BOOL_CONVERSION = YES;
				CLANG_WARN_COMMA = YES;
				CLANG_WARN_CONSTANT_CONVERSION = YES;
				CLANG_WARN_DEPRECATED_OBJC_IMPLEMENTATIONS = YES;
				CLANG_WARN_DIRECT_OBJC_ISA_USAGE = YES_ERROR;
				CLANG_WARN_DOCUMENTATION_COMMENTS = YES;
				CLANG_WARN_EMPTY_BODY = YES;
				CLANG_WARN_ENUM_CONVERSION = YES;
				CLANG_WARN_INFINITE_RECURSION = YES;
				CLANG_WARN_INT_CONVERSION = YES;
				CLANG_WARN_NON_LITERAL_NULL_CONVERSION = YES;
				CLANG_WARN_OBJC_IMPLICIT_RETAIN_SELF = YES;
				CLANG_WARN_OBJC_LITERAL_CONVERSION = YES;
				CLANG_WARN_OBJC_ROOT_CLASS = YES_ERROR;
				CLANG_WARN_RANGE_LOOP_ANALYSIS = YES;
				CLANG_WARN_STRICT_PROTOTYPES = YES;
				CLANG_WARN_SUSPICIOUS_MOVE = YES;
				CLANG_WARN_UNGUARDED_AVAILABILITY = YES_AGGRESSIVE;
				CLANG_WARN_UNREACHABLE_CODE = YES;
				CLANG_WARN__DUPLICATE_METHOD_MATCH = YES;
				CODE_SIGN_IDENTITY = "iPhone Developer";
				COPY_PHASE_STRIP = NO;
				DEBUG_INFORMATION_FORMAT = "dwarf-with-dsym";
				ENABLE_NS_ASSERTIONS = NO;
				ENABLE_STRICT_OBJC_MSGSEND = YES;
				GCC_C_LANGUAGE_STANDARD = gnu11;
				GCC_NO_COMMON_BLOCKS = YES;
				GCC_WARN_64_TO_32_BIT_CONVERSION = YES;
				GCC_WARN_ABOUT_RETURN_TYPE = YES_ERROR;
				GCC_WARN_UNDECLARED_SELECTOR = YES;
				GCC_WARN_UNINITIALIZED_AUTOS = YES_AGGRESSIVE;
				GCC_WARN_UNUSED_FUNCTION = YES;
				GCC_WARN_UNUSED_VARIABLE = YES;
				IPHONEOS_DEPLOYMENT_TARGET = 12.1;
				MTL_ENABLE_DEBUG_INFO = NO;
				MTL_FAST_MATH = YES;
				SDKROOT = iphoneos;
				SWIFT_COMPILATION_MODE = wholemodule;
				SWIFT_OPTIMIZATION_LEVEL = "-O";
				VALIDATE_PRODUCT = YES;
			};
			name = Release;
		};
		16F70A94220F90120070FB24 /* Debug */ = {
			isa = XCBuildConfiguration;
			buildSettings = {
				ASSETCATALOG_COMPILER_APPICON_NAME = AppIcon;
				CODE_SIGN_STYLE = Automatic;
				DEVELOPMENT_TEAM = NZ5N56B84J;
				INFOPLIST_FILE = "$(SRCROOT)/Journal_3_/Resources/Info.plist";
				LD_RUNPATH_SEARCH_PATHS = (
					"$(inherited)",
					"@executable_path/Frameworks",
				);
				PRODUCT_BUNDLE_IDENTIFIER = "com.TAYLORBILLS.Journal-3-";
				PRODUCT_NAME = "$(TARGET_NAME)";
				SWIFT_VERSION = 4.2;
				TARGETED_DEVICE_FAMILY = "1,2";
			};
			name = Debug;
		};
		16F70A95220F90120070FB24 /* Release */ = {
			isa = XCBuildConfiguration;
			buildSettings = {
				ASSETCATALOG_COMPILER_APPICON_NAME = AppIcon;
				CODE_SIGN_STYLE = Automatic;
				DEVELOPMENT_TEAM = NZ5N56B84J;
				INFOPLIST_FILE = "$(SRCROOT)/Journal_3_/Resources/Info.plist";
				LD_RUNPATH_SEARCH_PATHS = (
					"$(inherited)",
					"@executable_path/Frameworks",
				);
				PRODUCT_BUNDLE_IDENTIFIER = "com.TAYLORBILLS.Journal-3-";
				PRODUCT_NAME = "$(TARGET_NAME)";
				SWIFT_VERSION = 4.2;
				TARGETED_DEVICE_FAMILY = "1,2";
			};
			name = Release;
		};
/* End XCBuildConfiguration section */

/* Begin XCConfigurationList section */
		16F70A7C220F90110070FB24 /* Build configuration list for PBXProject "Journal_3_" */ = {
			isa = XCConfigurationList;
			buildConfigurations = (
				16F70A91220F90120070FB24 /* Debug */,
				16F70A92220F90120070FB24 /* Release */,
			);
			defaultConfigurationIsVisible = 0;
			defaultConfigurationName = Release;
		};
		16F70A93220F90120070FB24 /* Build configuration list for PBXNativeTarget "Journal_3_" */ = {
			isa = XCConfigurationList;
			buildConfigurations = (
				16F70A94220F90120070FB24 /* Debug */,
				16F70A95220F90120070FB24 /* Release */,
			);
			defaultConfigurationIsVisible = 0;
			defaultConfigurationName = Release;
		};
/* End XCConfigurationList section */
	};
	rootObject = 16F70A79220F90110070FB24 /* Project object */;
}
